// !$*UTF8*$!
{
	archiveVersion = 1;
	classes = {
	};
	objectVersion = 50;
	objects = {

/* Begin PBXBuildFile section */
		6AD2C11D21EF8DAB00011330 /* main.cpp in Sources */ = {isa = PBXBuildFile; fileRef = 6AD2C11C21EF8DAB00011330 /* main.cpp */; };
		6AD2C12521EF99EF00011330 /* BasicMatrix.cpp in Sources */ = {isa = PBXBuildFile; fileRef = 6AD2C12321EF99EF00011330 /* BasicMatrix.cpp */; };
		6AD2C12821EF9A0000011330 /* Matrix.cpp in Sources */ = {isa = PBXBuildFile; fileRef = 6AD2C12621EF9A0000011330 /* Matrix.cpp */; };
		6AD2C12B21EF9C7F00011330 /* Vector.cpp in Sources */ = {isa = PBXBuildFile; fileRef = 6AD2C12921EF9C7F00011330 /* Vector.cpp */; };
		6AD2C12E21EF9CE200011330 /* MatrixHandler.cpp in Sources */ = {isa = PBXBuildFile; fileRef = 6AD2C12C21EF9CE200011330 /* MatrixHandler.cpp */; };
/* End PBXBuildFile section */

/* Begin PBXCopyFilesBuildPhase section */
		6AD2C11721EF8DAB00011330 /* CopyFiles */ = {
			isa = PBXCopyFilesBuildPhase;
			buildActionMask = 2147483647;
			dstPath = /usr/share/man/man1/;
			dstSubfolderSpec = 0;
			files = (
			);
			runOnlyForDeploymentPostprocessing = 1;
		};
/* End PBXCopyFilesBuildPhase section */

/* Begin PBXFileReference section */
		6AD2C11921EF8DAB00011330 /* Matrix Handler */ = {isa = PBXFileReference; explicitFileType = "compiled.mach-o.executable"; includeInIndex = 0; path = "Matrix Handler"; sourceTree = BUILT_PRODUCTS_DIR; };
		6AD2C11C21EF8DAB00011330 /* main.cpp */ = {isa = PBXFileReference; lastKnownFileType = sourcecode.cpp.cpp; path = main.cpp; sourceTree = "<group>"; };
		6AD2C12321EF99EF00011330 /* BasicMatrix.cpp */ = {isa = PBXFileReference; lastKnownFileType = sourcecode.cpp.cpp; path = BasicMatrix.cpp; sourceTree = "<group>"; };
		6AD2C12421EF99EF00011330 /* BasicMatrix.hpp */ = {isa = PBXFileReference; lastKnownFileType = sourcecode.cpp.h; path = BasicMatrix.hpp; sourceTree = "<group>"; };
		6AD2C12621EF9A0000011330 /* Matrix.cpp */ = {isa = PBXFileReference; lastKnownFileType = sourcecode.cpp.cpp; path = Matrix.cpp; sourceTree = "<group>"; };
		6AD2C12721EF9A0000011330 /* Matrix.hpp */ = {isa = PBXFileReference; lastKnownFileType = sourcecode.cpp.h; path = Matrix.hpp; sourceTree = "<group>"; };
		6AD2C12921EF9C7F00011330 /* Vector.cpp */ = {isa = PBXFileReference; lastKnownFileType = sourcecode.cpp.cpp; path = Vector.cpp; sourceTree = "<group>"; };
		6AD2C12A21EF9C7F00011330 /* Vector.hpp */ = {isa = PBXFileReference; lastKnownFileType = sourcecode.cpp.h; path = Vector.hpp; sourceTree = "<group>"; };
		6AD2C12C21EF9CE200011330 /* MatrixHandler.cpp */ = {isa = PBXFileReference; lastKnownFileType = sourcecode.cpp.cpp; path = MatrixHandler.cpp; sourceTree = "<group>"; };
		6AD2C12D21EF9CE200011330 /* MatrixHandler.hpp */ = {isa = PBXFileReference; lastKnownFileType = sourcecode.cpp.h; path = MatrixHandler.hpp; sourceTree = "<group>"; };
/* End PBXFileReference section */

/* Begin PBXFrameworksBuildPhase section */
		6AD2C11621EF8DAB00011330 /* Frameworks */ = {
			isa = PBXFrameworksBuildPhase;
			buildActionMask = 2147483647;
			files = (
			);
			runOnlyForDeploymentPostprocessing = 0;
		};
/* End PBXFrameworksBuildPhase section */

/* Begin PBXGroup section */
		6AD2C11021EF8DAB00011330 = {
			isa = PBXGroup;
			children = (
				6AD2C11B21EF8DAB00011330 /* Matrix Handler */,
				6AD2C11A21EF8DAB00011330 /* Products */,
			);
			sourceTree = "<group>";
		};
		6AD2C11A21EF8DAB00011330 /* Products */ = {
			isa = PBXGroup;
			children = (
				6AD2C11921EF8DAB00011330 /* Matrix Handler */,
			);
			name = Products;
			sourceTree = "<group>";
		};
		6AD2C11B21EF8DAB00011330 /* Matrix Handler */ = {
			isa = PBXGroup;
			children = (
				6AD2C11C21EF8DAB00011330 /* main.cpp */,
				6AD2C12C21EF9CE200011330 /* MatrixHandler.cpp */,
				6AD2C12D21EF9CE200011330 /* MatrixHandler.hpp */,
				6AD2C12921EF9C7F00011330 /* Vector.cpp */,
				6AD2C12A21EF9C7F00011330 /* Vector.hpp */,
				6AD2C12321EF99EF00011330 /* BasicMatrix.cpp */,
				6AD2C12421EF99EF00011330 /* BasicMatrix.hpp */,
				6AD2C12621EF9A0000011330 /* Matrix.cpp */,
				6AD2C12721EF9A0000011330 /* Matrix.hpp */,
			);
			path = "Matrix Handler";
			sourceTree = "<group>";
		};
/* End PBXGroup section */

/* Begin PBXNativeTarget section */
		6AD2C11821EF8DAB00011330 /* Matrix Handler */ = {
			isa = PBXNativeTarget;
			buildConfigurationList = 6AD2C12021EF8DAB00011330 /* Build configuration list for PBXNativeTarget "Matrix Handler" */;
			buildPhases = (
				6AD2C11521EF8DAB00011330 /* Sources */,
				6AD2C11621EF8DAB00011330 /* Frameworks */,
				6AD2C11721EF8DAB00011330 /* CopyFiles */,
			);
			buildRules = (
			);
			dependencies = (
			);
			name = "Matrix Handler";
			productName = "Matrix Handler";
			productReference = 6AD2C11921EF8DAB00011330 /* Matrix Handler */;
			productType = "com.apple.product-type.tool";
		};
/* End PBXNativeTarget section */

/* Begin PBXProject section */
		6AD2C11121EF8DAB00011330 /* Project object */ = {
			isa = PBXProject;
			attributes = {
				LastUpgradeCheck = 1010;
				ORGANIZATIONNAME = Matrixxx;
				TargetAttributes = {
					6AD2C11821EF8DAB00011330 = {
						CreatedOnToolsVersion = 10.1;
					};
				};
			};
			buildConfigurationList = 6AD2C11421EF8DAB00011330 /* Build configuration list for PBXProject "Matrix Handler" */;
			compatibilityVersion = "Xcode 9.3";
			developmentRegion = en;
			hasScannedForEncodings = 0;
			knownRegions = (
				en,
			);
			mainGroup = 6AD2C11021EF8DAB00011330;
			productRefGroup = 6AD2C11A21EF8DAB00011330 /* Products */;
			projectDirPath = "";
			projectRoot = "";
			targets = (
				6AD2C11821EF8DAB00011330 /* Matrix Handler */,
			);
		};
/* End PBXProject section */

/* Begin PBXSourcesBuildPhase section */
		6AD2C11521EF8DAB00011330 /* Sources */ = {
			isa = PBXSourcesBuildPhase;
			buildActionMask = 2147483647;
			files = (
				6AD2C12E21EF9CE200011330 /* MatrixHandler.cpp in Sources */,
				6AD2C12821EF9A0000011330 /* Matrix.cpp in Sources */,
				6AD2C11D21EF8DAB00011330 /* main.cpp in Sources */,
				6AD2C12B21EF9C7F00011330 /* Vector.cpp in Sources */,
				6AD2C12521EF99EF00011330 /* BasicMatrix.cpp in Sources */,
			);
			runOnlyForDeploymentPostprocessing = 0;
		};
/* End PBXSourcesBuildPhase section */

/* Begin XCBuildConfiguration section */
		6AD2C11E21EF8DAB00011330 /* Debug */ = {
			isa = XCBuildConfiguration;
			buildSettings = {
				ALWAYS_SEARCH_USER_PATHS = NO;
				CLANG_ANALYZER_NONNULL = YES;
				CLANG_ANALYZER_NUMBER_OBJECT_CONVERSION = YES_AGGRESSIVE;
				CLANG_CXX_LANGUAGE_STANDARD = "gnu++14";
				CLANG_CXX_LIBRARY = "libc++";
				CLANG_ENABLE_MODULES = YES;
				CLANG_ENABLE_OBJC_ARC = YES;
				CLANG_ENABLE_OBJC_WEAK = YES;
				CLANG_WARN_BLOCK_CAPTURE_AUTORELEASING = YES;
				CLANG_WARN_BOOL_CONVERSION = YES;
				CLANG_WARN_COMMA = YES;
				CLANG_WARN_CONSTANT_CONVERSION = YES;
				CLANG_WARN_DEPRECATED_OBJC_IMPLEMENTATIONS = YES;
				CLANG_WARN_DIRECT_OBJC_ISA_USAGE = YES_ERROR;
				CLANG_WARN_DOCUMENTATION_COMMENTS = YES;
				CLANG_WARN_EMPTY_BODY = YES;
				CLANG_WARN_ENUM_CONVERSION = YES;
				CLANG_WARN_INFINITE_RECURSION = YES;
				CLANG_WARN_INT_CONVERSION = YES;
				CLANG_WARN_NON_LITERAL_NULL_CONVERSION = YES;
				CLANG_WARN_OBJC_IMPLICIT_RETAIN_SELF = YES;
				CLANG_WARN_OBJC_LITERAL_CONVERSION = YES;
				CLANG_WARN_OBJC_ROOT_CLASS = YES_ERROR;
				CLANG_WARN_RANGE_LOOP_ANALYSIS = YES;
				CLANG_WARN_STRICT_PROTOTYPES = YES;
				CLANG_WARN_SUSPICIOUS_MOVE = YES;
				CLANG_WARN_UNGUARDED_AVAILABILITY = YES_AGGRESSIVE;
				CLANG_WARN_UNREACHABLE_CODE = YES;
				CLANG_WARN__DUPLICATE_METHOD_MATCH = YES;
				CODE_SIGN_IDENTITY = "-";
				COPY_PHASE_STRIP = NO;
				DEBUG_INFORMATION_FORMAT = dwarf;
				ENABLE_STRICT_OBJC_MSGSEND = YES;
				ENABLE_TESTABILITY = YES;
				GCC_C_LANGUAGE_STANDARD = gnu11;
				GCC_DYNAMIC_NO_PIC = NO;
				GCC_NO_COMMON_BLOCKS = YES;
				GCC_OPTIMIZATION_LEVEL = 0;
				GCC_PREPROCESSOR_DEFINITIONS = (
					"DEBUG=1",
					"$(inherited)",
				);
				GCC_WARN_64_TO_32_BIT_CONVERSION = YES;
				GCC_WARN_ABOUT_RETURN_TYPE = YES_ERROR;
				GCC_WARN_UNDECLARED_SELECTOR = YES;
				GCC_WARN_UNINITIALIZED_AUTOS = YES_AGGRESSIVE;
				GCC_WARN_UNUSED_FUNCTION = YES;
				GCC_WARN_UNUSED_VARIABLE = YES;
				MACOSX_DEPLOYMENT_TARGET = 10.13;
				MTL_ENABLE_DEBUG_INFO = INCLUDE_SOURCE;
				MTL_FAST_MATH = YES;
				ONLY_ACTIVE_ARCH = YES;
				SDKROOT = macosx;
			};
			name = Debug;
		};
		6AD2C11F21EF8DAB00011330 /* Release */ = {
			isa = XCBuildConfiguration;
			buildSettings = {
				ALWAYS_SEARCH_USER_PATHS = NO;
				CLANG_ANALYZER_NONNULL = YES;
				CLANG_ANALYZER_NUMBER_OBJECT_CONVERSION = YES_AGGRESSIVE;
				CLANG_CXX_LANGUAGE_STANDARD = "gnu++14";
				CLANG_CXX_LIBRARY = "libc++";
				CLANG_ENABLE_MODULES = YES;
				CLANG_ENABLE_OBJC_ARC = YES;
				CLANG_ENABLE_OBJC_WEAK = YES;
				CLANG_WARN_BLOCK_CAPTURE_AUTORELEASING = YES;
				CLANG_WARN_BOOL_CONVERSION = YES;
				CLANG_WARN_COMMA = YES;
				CLANG_WARN_CONSTANT_CONVERSION = YES;
				CLANG_WARN_DEPRECATED_OBJC_IMPLEMENTATIONS = YES;
				CLANG_WARN_DIRECT_OBJC_ISA_USAGE = YES_ERROR;
				CLANG_WARN_DOCUMENTATION_COMMENTS = YES;
				CLANG_WARN_EMPTY_BODY = YES;
				CLANG_WARN_ENUM_CONVERSION = YES;
				CLANG_WARN_INFINITE_RECURSION = YES;
				CLANG_WARN_INT_CONVERSION = YES;
				CLANG_WARN_NON_LITERAL_NULL_CONVERSION = YES;
				CLANG_WARN_OBJC_IMPLICIT_RETAIN_SELF = YES;
				CLANG_WARN_OBJC_LITERAL_CONVERSION = YES;
				CLANG_WARN_OBJC_ROOT_CLASS = YES_ERROR;
				CLANG_WARN_RANGE_LOOP_ANALYSIS = YES;
				CLANG_WARN_STRICT_PROTOTYPES = YES;
				CLANG_WARN_SUSPICIOUS_MOVE = YES;
				CLANG_WARN_UNGUARDED_AVAILABILITY = YES_AGGRESSIVE;
				CLANG_WARN_UNREACHABLE_CODE = YES;
				CLANG_WARN__DUPLICATE_METHOD_MATCH = YES;
				CODE_SIGN_IDENTITY = "-";
				COPY_PHASE_STRIP = NO;
				DEBUG_INFORMATION_FORMAT = "dwarf-with-dsym";
				ENABLE_NS_ASSERTIONS = NO;
				ENABLE_STRICT_OBJC_MSGSEND = YES;
				GCC_C_LANGUAGE_STANDARD = gnu11;
				GCC_NO_COMMON_BLOCKS = YES;
				GCC_WARN_64_TO_32_BIT_CONVERSION = YES;
				GCC_WARN_ABOUT_RETURN_TYPE = YES_ERROR;
				GCC_WARN_UNDECLARED_SELECTOR = YES;
				GCC_WARN_UNINITIALIZED_AUTOS = YES_AGGRESSIVE;
				GCC_WARN_UNUSED_FUNCTION = YES;
				GCC_WARN_UNUSED_VARIABLE = YES;
				MACOSX_DEPLOYMENT_TARGET = 10.13;
				MTL_ENABLE_DEBUG_INFO = NO;
				MTL_FAST_MATH = YES;
				SDKROOT = macosx;
			};
			name = Release;
		};
		6AD2C12121EF8DAB00011330 /* Debug */ = {
			isa = XCBuildConfiguration;
			buildSettings = {
				CODE_SIGN_STYLE = Automatic;
				PRODUCT_NAME = "$(TARGET_NAME)";
			};
			name = Debug;
		};
		6AD2C12221EF8DAB00011330 /* Release */ = {
			isa = XCBuildConfiguration;
			buildSettings = {
				CODE_SIGN_STYLE = Automatic;
				PRODUCT_NAME = "$(TARGET_NAME)";
			};
			name = Release;
		};
/* End XCBuildConfiguration section */

/* Begin XCConfigurationList section */
		6AD2C11421EF8DAB00011330 /* Build configuration list for PBXProject "Matrix Handler" */ = {
			isa = XCConfigurationList;
			buildConfigurations = (
				6AD2C11E21EF8DAB00011330 /* Debug */,
				6AD2C11F21EF8DAB00011330 /* Release */,
			);
			defaultConfigurationIsVisible = 0;
			defaultConfigurationName = Release;
		};
		6AD2C12021EF8DAB00011330 /* Build configuration list for PBXNativeTarget "Matrix Handler" */ = {
			isa = XCConfigurationList;
			buildConfigurations = (
				6AD2C12121EF8DAB00011330 /* Debug */,
				6AD2C12221EF8DAB00011330 /* Release */,
			);
			defaultConfigurationIsVisible = 0;
			defaultConfigurationName = Release;
		};
/* End XCConfigurationList section */
	};
	rootObject = 6AD2C11121EF8DAB00011330 /* Project object */;
}
